# This file is automatically @generated by Cargo.
# It is not intended for manual editing.
version = 4

[[package]]
name = "diskscope-cli"
version = "0.1.0"
dependencies = [
 "scan-engine",
]

[[package]]
name = "diskscope-gui"
version = "0.1.0"
dependencies = [
 "scan-engine",
]

[[package]]
name = "scan-engine"
version = "0.1.0"
